
Microsoft Visual Studio Solution File, Format Version 12.00
# Visual Studio Version 16
VisualStudioVersion = 16.0.29326.143
MinimumVisualStudioVersion = 10.0.40219.1
Project("{9A19103F-16F7-4668-BE54-9A1E7A4F7556}") = "Puzzle", "Puzzle\Puzzle.csproj", "{7F11BD63-6FB4-4DFB-B24F-403A7713D693}"
EndProject
Project("{9A19103F-16F7-4668-BE54-9A1E7A4F7556}") = "Test.Puzzle", "Test.Puzzle\Test.Puzzle.csproj", "{5372C3C6-8005-44A6-BA32-DDA606CE71E9}"
EndProject
Project("{9A19103F-16F7-4668-BE54-9A1E7A4F7556}") = "TestBase", "TestBase\TestBase.csproj", "{11C09AD7-A0E3-4C9A-9025-F2D73EEB362D}"
EndProject
Project("{9A19103F-16F7-4668-BE54-9A1E7A4F7556}") = "Sudoku Solver", "Sudoku Solver\Sudoku Solver.csproj", "{0ABC1583-E590-4B28-9643-46122625A388}"
EndProject
Project("{FAE04EC0-301F-11D3-BF4B-00C04F79EFBC}") = "Sudoku Solver.Base", "Sudoku Solver.Base\Sudoku Solver.Base.csproj", "{7F49D7E7-D68A-44CB-A19D-C5E7DCEE336C}"
EndProject
Global
	GlobalSection(SolutionConfigurationPlatforms) = preSolution
		Debug|Any CPU = Debug|Any CPU
		Release|Any CPU = Release|Any CPU
	EndGlobalSection
	GlobalSection(ProjectConfigurationPlatforms) = postSolution
		{7F11BD63-6FB4-4DFB-B24F-403A7713D693}.Debug|Any CPU.ActiveCfg = Debug|Any CPU
		{7F11BD63-6FB4-4DFB-B24F-403A7713D693}.Debug|Any CPU.Build.0 = Debug|Any CPU
		{7F11BD63-6FB4-4DFB-B24F-403A7713D693}.Release|Any CPU.ActiveCfg = Release|Any CPU
		{7F11BD63-6FB4-4DFB-B24F-403A7713D693}.Release|Any CPU.Build.0 = Release|Any CPU
		{5372C3C6-8005-44A6-BA32-DDA606CE71E9}.Debug|Any CPU.ActiveCfg = Debug|Any CPU
		{5372C3C6-8005-44A6-BA32-DDA606CE71E9}.Debug|Any CPU.Build.0 = Debug|Any CPU
		{5372C3C6-8005-44A6-BA32-DDA606CE71E9}.Release|Any CPU.ActiveCfg = Release|Any CPU
		{5372C3C6-8005-44A6-BA32-DDA606CE71E9}.Release|Any CPU.Build.0 = Release|Any CPU
		{11C09AD7-A0E3-4C9A-9025-F2D73EEB362D}.Debug|Any CPU.ActiveCfg = Debug|Any CPU
		{11C09AD7-A0E3-4C9A-9025-F2D73EEB362D}.Debug|Any CPU.Build.0 = Debug|Any CPU
		{11C09AD7-A0E3-4C9A-9025-F2D73EEB362D}.Release|Any CPU.ActiveCfg = Release|Any CPU
		{11C09AD7-A0E3-4C9A-9025-F2D73EEB362D}.Release|Any CPU.Build.0 = Release|Any CPU
		{0ABC1583-E590-4B28-9643-46122625A388}.Debug|Any CPU.ActiveCfg = Debug|Any CPU
		{0ABC1583-E590-4B28-9643-46122625A388}.Debug|Any CPU.Build.0 = Debug|Any CPU
		{0ABC1583-E590-4B28-9643-46122625A388}.Release|Any CPU.ActiveCfg = Release|Any CPU
		{0ABC1583-E590-4B28-9643-46122625A388}.Release|Any CPU.Build.0 = Release|Any CPU
		{7F49D7E7-D68A-44CB-A19D-C5E7DCEE336C}.Debug|Any CPU.ActiveCfg = Debug|Any CPU
		{7F49D7E7-D68A-44CB-A19D-C5E7DCEE336C}.Debug|Any CPU.Build.0 = Debug|Any CPU
		{7F49D7E7-D68A-44CB-A19D-C5E7DCEE336C}.Release|Any CPU.ActiveCfg = Release|Any CPU
		{7F49D7E7-D68A-44CB-A19D-C5E7DCEE336C}.Release|Any CPU.Build.0 = Release|Any CPU
	EndGlobalSection
	GlobalSection(SolutionProperties) = preSolution
		HideSolutionNode = FALSE
	EndGlobalSection
	GlobalSection(ExtensibilityGlobals) = postSolution
		SolutionGuid = {AF9A2D0E-B2FC-4114-81FC-93D5C9966EEB}
	EndGlobalSection
EndGlobal
